// !$*UTF8*$!
{
	archiveVersion = 1;
	classes = {
	};
	objectVersion = 47;
	objects = {

/* Begin PBXBuildFile section */
		0E2AD12DDE2100F64BE1B377 /* Pods_WestviewUITests.framework in Frameworks */ = {isa = PBXBuildFile; fileRef = 737C9823A26DF637942171E7 /* Pods_WestviewUITests.framework */; };
		6FAD1E4D3C383BF49B3CCF94 /* Pods_Westview.framework in Frameworks */ = {isa = PBXBuildFile; fileRef = 7894C9EFB90DC212413D9C57 /* Pods_Westview.framework */; };
		A62C4B731F4416D800B6D318 /* CalendarViewController.swift in Sources */ = {isa = PBXBuildFile; fileRef = A62C4B721F4416D800B6D318 /* CalendarViewController.swift */; };
		A62C4B751F441D5600B6D318 /* Extensions.swift in Sources */ = {isa = PBXBuildFile; fileRef = A62C4B741F441D5600B6D318 /* Extensions.swift */; };
		A62C4B771F441DEA00B6D318 /* MapViewController.swift in Sources */ = {isa = PBXBuildFile; fileRef = A62C4B761F441DEA00B6D318 /* MapViewController.swift */; };
		A62C4B791F441E0000B6D318 /* ScheduleViewController.swift in Sources */ = {isa = PBXBuildFile; fileRef = A62C4B781F441E0000B6D318 /* ScheduleViewController.swift */; };
		A62C4B7B1F441E1100B6D318 /* HandbookViewController.swift in Sources */ = {isa = PBXBuildFile; fileRef = A62C4B7A1F441E1100B6D318 /* HandbookViewController.swift */; };
		A62DD7DD1F42556C0062CAD9 /* Roboto-Black.ttf in Resources */ = {isa = PBXBuildFile; fileRef = A62DD7CD1F42556C0062CAD9 /* Roboto-Black.ttf */; };
		A62DD7DE1F42556C0062CAD9 /* Roboto-BlackItalic.ttf in Resources */ = {isa = PBXBuildFile; fileRef = A62DD7CE1F42556C0062CAD9 /* Roboto-BlackItalic.ttf */; };
		A62DD7DF1F42556C0062CAD9 /* Roboto-Bold.ttf in Resources */ = {isa = PBXBuildFile; fileRef = A62DD7CF1F42556C0062CAD9 /* Roboto-Bold.ttf */; };
		A62DD7E01F42556C0062CAD9 /* Roboto-BoldCondensed.ttf in Resources */ = {isa = PBXBuildFile; fileRef = A62DD7D01F42556C0062CAD9 /* Roboto-BoldCondensed.ttf */; };
		A62DD7E11F42556C0062CAD9 /* Roboto-BoldCondensedItalic.ttf in Resources */ = {isa = PBXBuildFile; fileRef = A62DD7D11F42556C0062CAD9 /* Roboto-BoldCondensedItalic.ttf */; };
		A62DD7E21F42556C0062CAD9 /* Roboto-BoldItalic.ttf in Resources */ = {isa = PBXBuildFile; fileRef = A62DD7D21F42556C0062CAD9 /* Roboto-BoldItalic.ttf */; };
		A62DD7E31F42556C0062CAD9 /* Roboto-Condensed.ttf in Resources */ = {isa = PBXBuildFile; fileRef = A62DD7D31F42556C0062CAD9 /* Roboto-Condensed.ttf */; };
		A62DD7E41F42556C0062CAD9 /* Roboto-CondensedItalic.ttf in Resources */ = {isa = PBXBuildFile; fileRef = A62DD7D41F42556C0062CAD9 /* Roboto-CondensedItalic.ttf */; };
		A62DD7E51F42556C0062CAD9 /* Roboto-Italic.ttf in Resources */ = {isa = PBXBuildFile; fileRef = A62DD7D51F42556C0062CAD9 /* Roboto-Italic.ttf */; };
		A62DD7E61F42556C0062CAD9 /* Roboto-Light.ttf in Resources */ = {isa = PBXBuildFile; fileRef = A62DD7D61F42556C0062CAD9 /* Roboto-Light.ttf */; };
		A62DD7E71F42556C0062CAD9 /* Roboto-LightItalic.ttf in Resources */ = {isa = PBXBuildFile; fileRef = A62DD7D71F42556C0062CAD9 /* Roboto-LightItalic.ttf */; };
		A62DD7E81F42556C0062CAD9 /* Roboto-Medium.ttf in Resources */ = {isa = PBXBuildFile; fileRef = A62DD7D81F42556C0062CAD9 /* Roboto-Medium.ttf */; };
		A62DD7E91F42556C0062CAD9 /* Roboto-MediumItalic.ttf in Resources */ = {isa = PBXBuildFile; fileRef = A62DD7D91F42556C0062CAD9 /* Roboto-MediumItalic.ttf */; };
		A62DD7EA1F42556C0062CAD9 /* Roboto-Regular.ttf in Resources */ = {isa = PBXBuildFile; fileRef = A62DD7DA1F42556C0062CAD9 /* Roboto-Regular.ttf */; };
		A62DD7EB1F42556C0062CAD9 /* Roboto-Thin.ttf in Resources */ = {isa = PBXBuildFile; fileRef = A62DD7DB1F42556C0062CAD9 /* Roboto-Thin.ttf */; };
		A62DD7EC1F42556C0062CAD9 /* Roboto-ThinItalic.ttf in Resources */ = {isa = PBXBuildFile; fileRef = A62DD7DC1F42556C0062CAD9 /* Roboto-ThinItalic.ttf */; };
		A62DD7EF1F4255E90062CAD9 /* fontawesome-webfont.ttf in Resources */ = {isa = PBXBuildFile; fileRef = A62DD7EE1F4255E90062CAD9 /* fontawesome-webfont.ttf */; };
		A6836ADA1F44267E003739CC /* ScheduleTableViewCell.swift in Sources */ = {isa = PBXBuildFile; fileRef = A6836AD91F44267E003739CC /* ScheduleTableViewCell.swift */; };
		A6A6A9B51F44EA9C00D7668A /* MasterViewController.swift in Sources */ = {isa = PBXBuildFile; fileRef = A6A6A9B41F44EA9C00D7668A /* MasterViewController.swift */; };
		A6A6A9B81F4558B600D7668A /* MapKit.framework in Frameworks */ = {isa = PBXBuildFile; fileRef = A6A6A9B71F4558B600D7668A /* MapKit.framework */; };
		A6C15B441F42B92D00890CE7 /* CardView.swift in Sources */ = {isa = PBXBuildFile; fileRef = A6C15B431F42B92D00890CE7 /* CardView.swift */; };
		A6C15B491F42BD3500890CE7 /* AnnouncementTableViewCell.swift in Sources */ = {isa = PBXBuildFile; fileRef = A6C15B481F42BD3500890CE7 /* AnnouncementTableViewCell.swift */; };
		A6EDA2551F32C07700A7ADA3 /* AppDelegate.swift in Sources */ = {isa = PBXBuildFile; fileRef = A6EDA2541F32C07700A7ADA3 /* AppDelegate.swift */; };
		A6EDA2571F32C07700A7ADA3 /* AnnouncementViewController.swift in Sources */ = {isa = PBXBuildFile; fileRef = A6EDA2561F32C07700A7ADA3 /* AnnouncementViewController.swift */; };
		A6EDA25A1F32C07700A7ADA3 /* Main.storyboard in Resources */ = {isa = PBXBuildFile; fileRef = A6EDA2581F32C07700A7ADA3 /* Main.storyboard */; };
		A6EDA25C1F32C07700A7ADA3 /* Assets.xcassets in Resources */ = {isa = PBXBuildFile; fileRef = A6EDA25B1F32C07700A7ADA3 /* Assets.xcassets */; };
		A6EDA25F1F32C07700A7ADA3 /* LaunchScreen.storyboard in Resources */ = {isa = PBXBuildFile; fileRef = A6EDA25D1F32C07700A7ADA3 /* LaunchScreen.storyboard */; };
		A6EDA26A1F32C07700A7ADA3 /* WestviewTests.swift in Sources */ = {isa = PBXBuildFile; fileRef = A6EDA2691F32C07700A7ADA3 /* WestviewTests.swift */; };
		A6EDA2751F32C07700A7ADA3 /* WestviewUITests.swift in Sources */ = {isa = PBXBuildFile; fileRef = A6EDA2741F32C07700A7ADA3 /* WestviewUITests.swift */; };
		D52AA446EBE31BE10CDF86A6 /* Pods_WestviewTests.framework in Frameworks */ = {isa = PBXBuildFile; fileRef = 2DF8CDD006B1FDD583DC0578 /* Pods_WestviewTests.framework */; };
/* End PBXBuildFile section */

/* Begin PBXContainerItemProxy section */
		A6EDA2661F32C07700A7ADA3 /* PBXContainerItemProxy */ = {
			isa = PBXContainerItemProxy;
			containerPortal = A6EDA2491F32C07700A7ADA3 /* Project object */;
			proxyType = 1;
			remoteGlobalIDString = A6EDA2501F32C07700A7ADA3;
			remoteInfo = Westview;
		};
		A6EDA2711F32C07700A7ADA3 /* PBXContainerItemProxy */ = {
			isa = PBXContainerItemProxy;
			containerPortal = A6EDA2491F32C07700A7ADA3 /* Project object */;
			proxyType = 1;
			remoteGlobalIDString = A6EDA2501F32C07700A7ADA3;
			remoteInfo = Westview;
		};
/* End PBXContainerItemProxy section */

/* Begin PBXFileReference section */
		28B2B7BC8485D5F2145FFE85 /* Pods-WestviewUITests.debug.xcconfig */ = {isa = PBXFileReference; includeInIndex = 1; lastKnownFileType = text.xcconfig; name = "Pods-WestviewUITests.debug.xcconfig"; path = "Pods/Target Support Files/Pods-WestviewUITests/Pods-WestviewUITests.debug.xcconfig"; sourceTree = "<group>"; };
		2DF8CDD006B1FDD583DC0578 /* Pods_WestviewTests.framework */ = {isa = PBXFileReference; explicitFileType = wrapper.framework; includeInIndex = 0; path = Pods_WestviewTests.framework; sourceTree = BUILT_PRODUCTS_DIR; };
		2EBA1C9765DC2EC63170FC31 /* Pods-Westview.release.xcconfig */ = {isa = PBXFileReference; includeInIndex = 1; lastKnownFileType = text.xcconfig; name = "Pods-Westview.release.xcconfig"; path = "Pods/Target Support Files/Pods-Westview/Pods-Westview.release.xcconfig"; sourceTree = "<group>"; };
		737C9823A26DF637942171E7 /* Pods_WestviewUITests.framework */ = {isa = PBXFileReference; explicitFileType = wrapper.framework; includeInIndex = 0; path = Pods_WestviewUITests.framework; sourceTree = BUILT_PRODUCTS_DIR; };
		7894C9EFB90DC212413D9C57 /* Pods_Westview.framework */ = {isa = PBXFileReference; explicitFileType = wrapper.framework; includeInIndex = 0; path = Pods_Westview.framework; sourceTree = BUILT_PRODUCTS_DIR; };
		921525A1CA68780BD1F097B7 /* Pods-WestviewTests.debug.xcconfig */ = {isa = PBXFileReference; includeInIndex = 1; lastKnownFileType = text.xcconfig; name = "Pods-WestviewTests.debug.xcconfig"; path = "Pods/Target Support Files/Pods-WestviewTests/Pods-WestviewTests.debug.xcconfig"; sourceTree = "<group>"; };
		925F504FF485DCD253AE0AC8 /* Pods-WestviewTests.release.xcconfig */ = {isa = PBXFileReference; includeInIndex = 1; lastKnownFileType = text.xcconfig; name = "Pods-WestviewTests.release.xcconfig"; path = "Pods/Target Support Files/Pods-WestviewTests/Pods-WestviewTests.release.xcconfig"; sourceTree = "<group>"; };
		A62C4B721F4416D800B6D318 /* CalendarViewController.swift */ = {isa = PBXFileReference; lastKnownFileType = sourcecode.swift; path = CalendarViewController.swift; sourceTree = "<group>"; };
		A62C4B741F441D5600B6D318 /* Extensions.swift */ = {isa = PBXFileReference; lastKnownFileType = sourcecode.swift; path = Extensions.swift; sourceTree = "<group>"; };
		A62C4B761F441DEA00B6D318 /* MapViewController.swift */ = {isa = PBXFileReference; lastKnownFileType = sourcecode.swift; path = MapViewController.swift; sourceTree = "<group>"; };
		A62C4B781F441E0000B6D318 /* ScheduleViewController.swift */ = {isa = PBXFileReference; lastKnownFileType = sourcecode.swift; path = ScheduleViewController.swift; sourceTree = "<group>"; };
		A62C4B7A1F441E1100B6D318 /* HandbookViewController.swift */ = {isa = PBXFileReference; lastKnownFileType = sourcecode.swift; path = HandbookViewController.swift; sourceTree = "<group>"; };
		A62DD7CD1F42556C0062CAD9 /* Roboto-Black.ttf */ = {isa = PBXFileReference; lastKnownFileType = file; path = "Roboto-Black.ttf"; sourceTree = "<group>"; };
		A62DD7CE1F42556C0062CAD9 /* Roboto-BlackItalic.ttf */ = {isa = PBXFileReference; lastKnownFileType = file; path = "Roboto-BlackItalic.ttf"; sourceTree = "<group>"; };
		A62DD7CF1F42556C0062CAD9 /* Roboto-Bold.ttf */ = {isa = PBXFileReference; lastKnownFileType = file; path = "Roboto-Bold.ttf"; sourceTree = "<group>"; };
		A62DD7D01F42556C0062CAD9 /* Roboto-BoldCondensed.ttf */ = {isa = PBXFileReference; lastKnownFileType = file; path = "Roboto-BoldCondensed.ttf"; sourceTree = "<group>"; };
		A62DD7D11F42556C0062CAD9 /* Roboto-BoldCondensedItalic.ttf */ = {isa = PBXFileReference; lastKnownFileType = file; path = "Roboto-BoldCondensedItalic.ttf"; sourceTree = "<group>"; };
		A62DD7D21F42556C0062CAD9 /* Roboto-BoldItalic.ttf */ = {isa = PBXFileReference; lastKnownFileType = file; path = "Roboto-BoldItalic.ttf"; sourceTree = "<group>"; };
		A62DD7D31F42556C0062CAD9 /* Roboto-Condensed.ttf */ = {isa = PBXFileReference; lastKnownFileType = file; path = "Roboto-Condensed.ttf"; sourceTree = "<group>"; };
		A62DD7D41F42556C0062CAD9 /* Roboto-CondensedItalic.ttf */ = {isa = PBXFileReference; lastKnownFileType = file; path = "Roboto-CondensedItalic.ttf"; sourceTree = "<group>"; };
		A62DD7D51F42556C0062CAD9 /* Roboto-Italic.ttf */ = {isa = PBXFileReference; lastKnownFileType = file; path = "Roboto-Italic.ttf"; sourceTree = "<group>"; };
		A62DD7D61F42556C0062CAD9 /* Roboto-Light.ttf */ = {isa = PBXFileReference; lastKnownFileType = file; path = "Roboto-Light.ttf"; sourceTree = "<group>"; };
		A62DD7D71F42556C0062CAD9 /* Roboto-LightItalic.ttf */ = {isa = PBXFileReference; lastKnownFileType = file; path = "Roboto-LightItalic.ttf"; sourceTree = "<group>"; };
		A62DD7D81F42556C0062CAD9 /* Roboto-Medium.ttf */ = {isa = PBXFileReference; lastKnownFileType = file; path = "Roboto-Medium.ttf"; sourceTree = "<group>"; };
		A62DD7D91F42556C0062CAD9 /* Roboto-MediumItalic.ttf */ = {isa = PBXFileReference; lastKnownFileType = file; path = "Roboto-MediumItalic.ttf"; sourceTree = "<group>"; };
		A62DD7DA1F42556C0062CAD9 /* Roboto-Regular.ttf */ = {isa = PBXFileReference; lastKnownFileType = file; path = "Roboto-Regular.ttf"; sourceTree = "<group>"; };
		A62DD7DB1F42556C0062CAD9 /* Roboto-Thin.ttf */ = {isa = PBXFileReference; lastKnownFileType = file; path = "Roboto-Thin.ttf"; sourceTree = "<group>"; };
		A62DD7DC1F42556C0062CAD9 /* Roboto-ThinItalic.ttf */ = {isa = PBXFileReference; lastKnownFileType = file; path = "Roboto-ThinItalic.ttf"; sourceTree = "<group>"; };
		A62DD7EE1F4255E90062CAD9 /* fontawesome-webfont.ttf */ = {isa = PBXFileReference; lastKnownFileType = file; path = "fontawesome-webfont.ttf"; sourceTree = "<group>"; };
		A6836AD91F44267E003739CC /* ScheduleTableViewCell.swift */ = {isa = PBXFileReference; lastKnownFileType = sourcecode.swift; path = ScheduleTableViewCell.swift; sourceTree = "<group>"; };
		A6A6A9B41F44EA9C00D7668A /* MasterViewController.swift */ = {isa = PBXFileReference; lastKnownFileType = sourcecode.swift; path = MasterViewController.swift; sourceTree = "<group>"; };
		A6A6A9B61F44EC9700D7668A /* handbook.pdf */ = {isa = PBXFileReference; lastKnownFileType = image.pdf; path = handbook.pdf; sourceTree = "<group>"; };
		A6A6A9B71F4558B600D7668A /* MapKit.framework */ = {isa = PBXFileReference; lastKnownFileType = wrapper.framework; name = MapKit.framework; path = System/Library/Frameworks/MapKit.framework; sourceTree = SDKROOT; };
		A6C15B431F42B92D00890CE7 /* CardView.swift */ = {isa = PBXFileReference; lastKnownFileType = sourcecode.swift; path = CardView.swift; sourceTree = "<group>"; };
		A6C15B481F42BD3500890CE7 /* AnnouncementTableViewCell.swift */ = {isa = PBXFileReference; lastKnownFileType = sourcecode.swift; path = AnnouncementTableViewCell.swift; sourceTree = "<group>"; };
		A6EDA2511F32C07700A7ADA3 /* Westview.app */ = {isa = PBXFileReference; explicitFileType = wrapper.application; includeInIndex = 0; path = Westview.app; sourceTree = BUILT_PRODUCTS_DIR; };
		A6EDA2541F32C07700A7ADA3 /* AppDelegate.swift */ = {isa = PBXFileReference; lastKnownFileType = sourcecode.swift; path = AppDelegate.swift; sourceTree = "<group>"; };
		A6EDA2561F32C07700A7ADA3 /* AnnouncementViewController.swift */ = {isa = PBXFileReference; lastKnownFileType = sourcecode.swift; path = AnnouncementViewController.swift; sourceTree = "<group>"; };
		A6EDA2591F32C07700A7ADA3 /* Base */ = {isa = PBXFileReference; lastKnownFileType = file.storyboard; name = Base; path = Base.lproj/Main.storyboard; sourceTree = "<group>"; };
		A6EDA25B1F32C07700A7ADA3 /* Assets.xcassets */ = {isa = PBXFileReference; lastKnownFileType = folder.assetcatalog; path = Assets.xcassets; sourceTree = "<group>"; };
		A6EDA25E1F32C07700A7ADA3 /* Base */ = {isa = PBXFileReference; lastKnownFileType = file.storyboard; name = Base; path = Base.lproj/LaunchScreen.storyboard; sourceTree = "<group>"; };
		A6EDA2601F32C07700A7ADA3 /* Info.plist */ = {isa = PBXFileReference; lastKnownFileType = text.plist.xml; path = Info.plist; sourceTree = "<group>"; };
		A6EDA2651F32C07700A7ADA3 /* WestviewTests.xctest */ = {isa = PBXFileReference; explicitFileType = wrapper.cfbundle; includeInIndex = 0; path = WestviewTests.xctest; sourceTree = BUILT_PRODUCTS_DIR; };
		A6EDA2691F32C07700A7ADA3 /* WestviewTests.swift */ = {isa = PBXFileReference; lastKnownFileType = sourcecode.swift; path = WestviewTests.swift; sourceTree = "<group>"; };
		A6EDA26B1F32C07700A7ADA3 /* Info.plist */ = {isa = PBXFileReference; lastKnownFileType = text.plist.xml; path = Info.plist; sourceTree = "<group>"; };
		A6EDA2701F32C07700A7ADA3 /* WestviewUITests.xctest */ = {isa = PBXFileReference; explicitFileType = wrapper.cfbundle; includeInIndex = 0; path = WestviewUITests.xctest; sourceTree = BUILT_PRODUCTS_DIR; };
		A6EDA2741F32C07700A7ADA3 /* WestviewUITests.swift */ = {isa = PBXFileReference; lastKnownFileType = sourcecode.swift; path = WestviewUITests.swift; sourceTree = "<group>"; };
		A6EDA2761F32C07700A7ADA3 /* Info.plist */ = {isa = PBXFileReference; lastKnownFileType = text.plist.xml; path = Info.plist; sourceTree = "<group>"; };
		B605CBAA32645636169F3E39 /* Pods-WestviewUITests.release.xcconfig */ = {isa = PBXFileReference; includeInIndex = 1; lastKnownFileType = text.xcconfig; name = "Pods-WestviewUITests.release.xcconfig"; path = "Pods/Target Support Files/Pods-WestviewUITests/Pods-WestviewUITests.release.xcconfig"; sourceTree = "<group>"; };
		C55AAF4AEEDDA4C0BAC15DE7 /* Pods-Westview.debug.xcconfig */ = {isa = PBXFileReference; includeInIndex = 1; lastKnownFileType = text.xcconfig; name = "Pods-Westview.debug.xcconfig"; path = "Pods/Target Support Files/Pods-Westview/Pods-Westview.debug.xcconfig"; sourceTree = "<group>"; };
/* End PBXFileReference section */

/* Begin PBXFrameworksBuildPhase section */
		A6EDA24E1F32C07700A7ADA3 /* Frameworks */ = {
			isa = PBXFrameworksBuildPhase;
			buildActionMask = 2147483647;
			files = (
				A6A6A9B81F4558B600D7668A /* MapKit.framework in Frameworks */,
				6FAD1E4D3C383BF49B3CCF94 /* Pods_Westview.framework in Frameworks */,
			);
			runOnlyForDeploymentPostprocessing = 0;
		};
		A6EDA2621F32C07700A7ADA3 /* Frameworks */ = {
			isa = PBXFrameworksBuildPhase;
			buildActionMask = 2147483647;
			files = (
				D52AA446EBE31BE10CDF86A6 /* Pods_WestviewTests.framework in Frameworks */,
			);
			runOnlyForDeploymentPostprocessing = 0;
		};
		A6EDA26D1F32C07700A7ADA3 /* Frameworks */ = {
			isa = PBXFrameworksBuildPhase;
			buildActionMask = 2147483647;
			files = (
				0E2AD12DDE2100F64BE1B377 /* Pods_WestviewUITests.framework in Frameworks */,
			);
			runOnlyForDeploymentPostprocessing = 0;
		};
/* End PBXFrameworksBuildPhase section */

/* Begin PBXGroup section */
		1FC5E4ED4CA4206323B37442 /* Pods */ = {
			isa = PBXGroup;
			children = (
				C55AAF4AEEDDA4C0BAC15DE7 /* Pods-Westview.debug.xcconfig */,
				2EBA1C9765DC2EC63170FC31 /* Pods-Westview.release.xcconfig */,
				921525A1CA68780BD1F097B7 /* Pods-WestviewTests.debug.xcconfig */,
				925F504FF485DCD253AE0AC8 /* Pods-WestviewTests.release.xcconfig */,
				28B2B7BC8485D5F2145FFE85 /* Pods-WestviewUITests.debug.xcconfig */,
				B605CBAA32645636169F3E39 /* Pods-WestviewUITests.release.xcconfig */,
			);
			name = Pods;
			sourceTree = "<group>";
		};
		9B5E1CD19F940920702BF8F3 /* Frameworks */ = {
			isa = PBXGroup;
			children = (
				A6A6A9B71F4558B600D7668A /* MapKit.framework */,
				7894C9EFB90DC212413D9C57 /* Pods_Westview.framework */,
				2DF8CDD006B1FDD583DC0578 /* Pods_WestviewTests.framework */,
				737C9823A26DF637942171E7 /* Pods_WestviewUITests.framework */,
			);
			name = Frameworks;
			sourceTree = "<group>";
		};
		A62C4B6E1F44169F00B6D318 /* HandbookVC */ = {
			isa = PBXGroup;
			children = (
				A62C4B7A1F441E1100B6D318 /* HandbookViewController.swift */,
			);
			name = HandbookVC;
			sourceTree = "<group>";
		};
		A62C4B6F1F4416A700B6D318 /* ScheduleVC */ = {
			isa = PBXGroup;
			children = (
				A62C4B781F441E0000B6D318 /* ScheduleViewController.swift */,
				A6836AD91F44267E003739CC /* ScheduleTableViewCell.swift */,
			);
			name = ScheduleVC;
			sourceTree = "<group>";
		};
		A62C4B701F4416BB00B6D318 /* MapVC */ = {
			isa = PBXGroup;
			children = (
				A62C4B761F441DEA00B6D318 /* MapViewController.swift */,
			);
			name = MapVC;
			sourceTree = "<group>";
		};
		A62C4B711F4416C800B6D318 /* CalendarVC */ = {
			isa = PBXGroup;
			children = (
				A62C4B721F4416D800B6D318 /* CalendarViewController.swift */,
			);
			name = CalendarVC;
			sourceTree = "<group>";
		};
		A62DD7B81F4254F50062CAD9 /* Roboto */ = {
			isa = PBXGroup;
			children = (
				A62DD7CD1F42556C0062CAD9 /* Roboto-Black.ttf */,
				A62DD7CE1F42556C0062CAD9 /* Roboto-BlackItalic.ttf */,
				A62DD7CF1F42556C0062CAD9 /* Roboto-Bold.ttf */,
				A62DD7D01F42556C0062CAD9 /* Roboto-BoldCondensed.ttf */,
				A62DD7D11F42556C0062CAD9 /* Roboto-BoldCondensedItalic.ttf */,
				A62DD7D21F42556C0062CAD9 /* Roboto-BoldItalic.ttf */,
				A62DD7D31F42556C0062CAD9 /* Roboto-Condensed.ttf */,
				A62DD7D41F42556C0062CAD9 /* Roboto-CondensedItalic.ttf */,
				A62DD7D51F42556C0062CAD9 /* Roboto-Italic.ttf */,
				A62DD7D61F42556C0062CAD9 /* Roboto-Light.ttf */,
				A62DD7D71F42556C0062CAD9 /* Roboto-LightItalic.ttf */,
				A62DD7D81F42556C0062CAD9 /* Roboto-Medium.ttf */,
				A62DD7D91F42556C0062CAD9 /* Roboto-MediumItalic.ttf */,
				A62DD7DA1F42556C0062CAD9 /* Roboto-Regular.ttf */,
				A62DD7DB1F42556C0062CAD9 /* Roboto-Thin.ttf */,
				A62DD7DC1F42556C0062CAD9 /* Roboto-ThinItalic.ttf */,
			);
			name = Roboto;
			sourceTree = "<group>";
		};
		A62DD7ED1F4255D60062CAD9 /* Font Awesome */ = {
			isa = PBXGroup;
			children = (
				A62DD7EE1F4255E90062CAD9 /* fontawesome-webfont.ttf */,
			);
			name = "Font Awesome";
			sourceTree = "<group>";
		};
		A6C15B451F42BCFC00890CE7 /* Code */ = {
			isa = PBXGroup;
			children = (
				A62C4B711F4416C800B6D318 /* CalendarVC */,
				A62C4B701F4416BB00B6D318 /* MapVC */,
				A62C4B6F1F4416A700B6D318 /* ScheduleVC */,
				A62C4B6E1F44169F00B6D318 /* HandbookVC */,
				A6C15B471F42BD2000890CE7 /* AnnouncementVC */,
				A62C4B741F441D5600B6D318 /* Extensions.swift */,
				A6A6A9B41F44EA9C00D7668A /* MasterViewController.swift */,
			);
			name = Code;
			sourceTree = "<group>";
		};
		A6C15B471F42BD2000890CE7 /* AnnouncementVC */ = {
			isa = PBXGroup;
			children = (
				A6EDA2561F32C07700A7ADA3 /* AnnouncementViewController.swift */,
				A6C15B481F42BD3500890CE7 /* AnnouncementTableViewCell.swift */,
			);
			name = AnnouncementVC;
			sourceTree = "<group>";
		};
		A6EDA2481F32C07700A7ADA3 = {
			isa = PBXGroup;
			children = (
				A6EDA2531F32C07700A7ADA3 /* Westview */,
				A6EDA2681F32C07700A7ADA3 /* WestviewTests */,
				A6EDA2731F32C07700A7ADA3 /* WestviewUITests */,
				A6EDA2521F32C07700A7ADA3 /* Products */,
				1FC5E4ED4CA4206323B37442 /* Pods */,
				9B5E1CD19F940920702BF8F3 /* Frameworks */,
			);
			sourceTree = "<group>";
		};
		A6EDA2521F32C07700A7ADA3 /* Products */ = {
			isa = PBXGroup;
			children = (
				A6EDA2511F32C07700A7ADA3 /* Westview.app */,
				A6EDA2651F32C07700A7ADA3 /* WestviewTests.xctest */,
				A6EDA2701F32C07700A7ADA3 /* WestviewUITests.xctest */,
			);
			name = Products;
			sourceTree = "<group>";
		};
		A6EDA2531F32C07700A7ADA3 /* Westview */ = {
			isa = PBXGroup;
			children = (
				A6A6A9B61F44EC9700D7668A /* handbook.pdf */,
				A6C15B451F42BCFC00890CE7 /* Code */,
				A62DD7ED1F4255D60062CAD9 /* Font Awesome */,
				A62DD7B81F4254F50062CAD9 /* Roboto */,
				A6EDA2541F32C07700A7ADA3 /* AppDelegate.swift */,
				A6C15B431F42B92D00890CE7 /* CardView.swift */,
				A6EDA2581F32C07700A7ADA3 /* Main.storyboard */,
				A6EDA25B1F32C07700A7ADA3 /* Assets.xcassets */,
				A6EDA25D1F32C07700A7ADA3 /* LaunchScreen.storyboard */,
				A6EDA2601F32C07700A7ADA3 /* Info.plist */,
			);
			path = Westview;
			sourceTree = "<group>";
		};
		A6EDA2681F32C07700A7ADA3 /* WestviewTests */ = {
			isa = PBXGroup;
			children = (
				A6EDA2691F32C07700A7ADA3 /* WestviewTests.swift */,
				A6EDA26B1F32C07700A7ADA3 /* Info.plist */,
			);
			path = WestviewTests;
			sourceTree = "<group>";
		};
		A6EDA2731F32C07700A7ADA3 /* WestviewUITests */ = {
			isa = PBXGroup;
			children = (
				A6EDA2741F32C07700A7ADA3 /* WestviewUITests.swift */,
				A6EDA2761F32C07700A7ADA3 /* Info.plist */,
			);
			path = WestviewUITests;
			sourceTree = "<group>";
		};
/* End PBXGroup section */

/* Begin PBXNativeTarget section */
		A6EDA2501F32C07700A7ADA3 /* Westview */ = {
			isa = PBXNativeTarget;
			buildConfigurationList = A6EDA2791F32C07700A7ADA3 /* Build configuration list for PBXNativeTarget "Westview" */;
			buildPhases = (
				02F2BEB21EF7167B59AD371C /* [CP] Check Pods Manifest.lock */,
				A6EDA24D1F32C07700A7ADA3 /* Sources */,
				A6EDA24E1F32C07700A7ADA3 /* Frameworks */,
				A6EDA24F1F32C07700A7ADA3 /* Resources */,
				B6414053CDB19A56432AC4D1 /* [CP] Embed Pods Frameworks */,
				530E5A97BE49F093CC51E1AD /* [CP] Copy Pods Resources */,
			);
			buildRules = (
			);
			dependencies = (
			);
			name = Westview;
			productName = Westview;
			productReference = A6EDA2511F32C07700A7ADA3 /* Westview.app */;
			productType = "com.apple.product-type.application";
		};
		A6EDA2641F32C07700A7ADA3 /* WestviewTests */ = {
			isa = PBXNativeTarget;
			buildConfigurationList = A6EDA27C1F32C07700A7ADA3 /* Build configuration list for PBXNativeTarget "WestviewTests" */;
			buildPhases = (
				88C3276549C335B98D9257EB /* [CP] Check Pods Manifest.lock */,
				A6EDA2611F32C07700A7ADA3 /* Sources */,
				A6EDA2621F32C07700A7ADA3 /* Frameworks */,
				A6EDA2631F32C07700A7ADA3 /* Resources */,
				A5152145A1E5924D624673B6 /* [CP] Embed Pods Frameworks */,
				ACB2FA70DF87BE01B35A35A5 /* [CP] Copy Pods Resources */,
			);
			buildRules = (
			);
			dependencies = (
				A6EDA2671F32C07700A7ADA3 /* PBXTargetDependency */,
			);
			name = WestviewTests;
			productName = WestviewTests;
			productReference = A6EDA2651F32C07700A7ADA3 /* WestviewTests.xctest */;
			productType = "com.apple.product-type.bundle.unit-test";
		};
		A6EDA26F1F32C07700A7ADA3 /* WestviewUITests */ = {
			isa = PBXNativeTarget;
			buildConfigurationList = A6EDA27F1F32C07700A7ADA3 /* Build configuration list for PBXNativeTarget "WestviewUITests" */;
			buildPhases = (
				B3E10A0FC9176D7164084C48 /* [CP] Check Pods Manifest.lock */,
				A6EDA26C1F32C07700A7ADA3 /* Sources */,
				A6EDA26D1F32C07700A7ADA3 /* Frameworks */,
				A6EDA26E1F32C07700A7ADA3 /* Resources */,
				94AC7CA28997A775A4B853DB /* [CP] Embed Pods Frameworks */,
				719E44A32A3D3E27F916C32B /* [CP] Copy Pods Resources */,
			);
			buildRules = (
			);
			dependencies = (
				A6EDA2721F32C07700A7ADA3 /* PBXTargetDependency */,
			);
			name = WestviewUITests;
			productName = WestviewUITests;
			productReference = A6EDA2701F32C07700A7ADA3 /* WestviewUITests.xctest */;
			productType = "com.apple.product-type.bundle.ui-testing";
		};
/* End PBXNativeTarget section */

/* Begin PBXProject section */
		A6EDA2491F32C07700A7ADA3 /* Project object */ = {
			isa = PBXProject;
			attributes = {
				LastSwiftUpdateCheck = 0830;
				LastUpgradeCheck = 0830;
				ORGANIZATIONNAME = "Ronak Shah";
				TargetAttributes = {
					A6EDA2501F32C07700A7ADA3 = {
						CreatedOnToolsVersion = 8.3.3;
						DevelopmentTeam = A8F2RPBSBD;
						ProvisioningStyle = Automatic;
					};
					A6EDA2641F32C07700A7ADA3 = {
						CreatedOnToolsVersion = 8.3.3;
						DevelopmentTeam = A8F2RPBSBD;
						ProvisioningStyle = Automatic;
						TestTargetID = A6EDA2501F32C07700A7ADA3;
					};
					A6EDA26F1F32C07700A7ADA3 = {
						CreatedOnToolsVersion = 8.3.3;
						DevelopmentTeam = A8F2RPBSBD;
						ProvisioningStyle = Automatic;
						TestTargetID = A6EDA2501F32C07700A7ADA3;
					};
				};
			};
			buildConfigurationList = A6EDA24C1F32C07700A7ADA3 /* Build configuration list for PBXProject "Westview" */;
			compatibilityVersion = "Xcode 6.3";
			developmentRegion = English;
			hasScannedForEncodings = 0;
			knownRegions = (
				en,
				Base,
			);
			mainGroup = A6EDA2481F32C07700A7ADA3;
			productRefGroup = A6EDA2521F32C07700A7ADA3 /* Products */;
			projectDirPath = "";
			projectRoot = "";
			targets = (
				A6EDA2501F32C07700A7ADA3 /* Westview */,
				A6EDA2641F32C07700A7ADA3 /* WestviewTests */,
				A6EDA26F1F32C07700A7ADA3 /* WestviewUITests */,
			);
		};
/* End PBXProject section */

/* Begin PBXResourcesBuildPhase section */
		A6EDA24F1F32C07700A7ADA3 /* Resources */ = {
			isa = PBXResourcesBuildPhase;
			buildActionMask = 2147483647;
			files = (
				A62DD7E41F42556C0062CAD9 /* Roboto-CondensedItalic.ttf in Resources */,
				A62DD7E51F42556C0062CAD9 /* Roboto-Italic.ttf in Resources */,
				A62DD7E71F42556C0062CAD9 /* Roboto-LightItalic.ttf in Resources */,
				A62DD7E21F42556C0062CAD9 /* Roboto-BoldItalic.ttf in Resources */,
				A6EDA25F1F32C07700A7ADA3 /* LaunchScreen.storyboard in Resources */,
				A62DD7E81F42556C0062CAD9 /* Roboto-Medium.ttf in Resources */,
				A6EDA25C1F32C07700A7ADA3 /* Assets.xcassets in Resources */,
				A62DD7E31F42556C0062CAD9 /* Roboto-Condensed.ttf in Resources */,
				A62DD7EB1F42556C0062CAD9 /* Roboto-Thin.ttf in Resources */,
				A62DD7DF1F42556C0062CAD9 /* Roboto-Bold.ttf in Resources */,
				A62DD7E01F42556C0062CAD9 /* Roboto-BoldCondensed.ttf in Resources */,
				A62DD7DE1F42556C0062CAD9 /* Roboto-BlackItalic.ttf in Resources */,
				A62DD7E61F42556C0062CAD9 /* Roboto-Light.ttf in Resources */,
				A62DD7E91F42556C0062CAD9 /* Roboto-MediumItalic.ttf in Resources */,
				A6EDA25A1F32C07700A7ADA3 /* Main.storyboard in Resources */,
				A62DD7EA1F42556C0062CAD9 /* Roboto-Regular.ttf in Resources */,
				A62DD7EC1F42556C0062CAD9 /* Roboto-ThinItalic.ttf in Resources */,
				A62DD7EF1F4255E90062CAD9 /* fontawesome-webfont.ttf in Resources */,
				A62DD7E11F42556C0062CAD9 /* Roboto-BoldCondensedItalic.ttf in Resources */,
				A62DD7DD1F42556C0062CAD9 /* Roboto-Black.ttf in Resources */,
			);
			runOnlyForDeploymentPostprocessing = 0;
		};
		A6EDA2631F32C07700A7ADA3 /* Resources */ = {
			isa = PBXResourcesBuildPhase;
			buildActionMask = 2147483647;
			files = (
			);
			runOnlyForDeploymentPostprocessing = 0;
		};
		A6EDA26E1F32C07700A7ADA3 /* Resources */ = {
			isa = PBXResourcesBuildPhase;
			buildActionMask = 2147483647;
			files = (
			);
			runOnlyForDeploymentPostprocessing = 0;
		};
/* End PBXResourcesBuildPhase section */

/* Begin PBXShellScriptBuildPhase section */
		02F2BEB21EF7167B59AD371C /* [CP] Check Pods Manifest.lock */ = {
			isa = PBXShellScriptBuildPhase;
			buildActionMask = 2147483647;
			files = (
			);
			inputPaths = (
			);
			name = "[CP] Check Pods Manifest.lock";
			outputPaths = (
			);
			runOnlyForDeploymentPostprocessing = 0;
			shellPath = /bin/sh;
			shellScript = "diff \"${PODS_PODFILE_DIR_PATH}/Podfile.lock\" \"${PODS_ROOT}/Manifest.lock\" > /dev/null\nif [ $? != 0 ] ; then\n    # print error to STDERR\n    echo \"error: The sandbox is not in sync with the Podfile.lock. Run 'pod install' or update your CocoaPods installation.\" >&2\n    exit 1\nfi\n";
			showEnvVarsInLog = 0;
		};
		530E5A97BE49F093CC51E1AD /* [CP] Copy Pods Resources */ = {
			isa = PBXShellScriptBuildPhase;
			buildActionMask = 2147483647;
			files = (
			);
			inputPaths = (
			);
			name = "[CP] Copy Pods Resources";
			outputPaths = (
			);
			runOnlyForDeploymentPostprocessing = 0;
			shellPath = /bin/sh;
			shellScript = "\"${SRCROOT}/Pods/Target Support Files/Pods-Westview/Pods-Westview-resources.sh\"\n";
			showEnvVarsInLog = 0;
		};
		719E44A32A3D3E27F916C32B /* [CP] Copy Pods Resources */ = {
			isa = PBXShellScriptBuildPhase;
			buildActionMask = 2147483647;
			files = (
			);
			inputPaths = (
			);
			name = "[CP] Copy Pods Resources";
			outputPaths = (
			);
			runOnlyForDeploymentPostprocessing = 0;
			shellPath = /bin/sh;
			shellScript = "\"${SRCROOT}/Pods/Target Support Files/Pods-WestviewUITests/Pods-WestviewUITests-resources.sh\"\n";
			showEnvVarsInLog = 0;
		};
		88C3276549C335B98D9257EB /* [CP] Check Pods Manifest.lock */ = {
			isa = PBXShellScriptBuildPhase;
			buildActionMask = 2147483647;
			files = (
			);
			inputPaths = (
			);
			name = "[CP] Check Pods Manifest.lock";
			outputPaths = (
			);
			runOnlyForDeploymentPostprocessing = 0;
			shellPath = /bin/sh;
			shellScript = "diff \"${PODS_PODFILE_DIR_PATH}/Podfile.lock\" \"${PODS_ROOT}/Manifest.lock\" > /dev/null\nif [ $? != 0 ] ; then\n    # print error to STDERR\n    echo \"error: The sandbox is not in sync with the Podfile.lock. Run 'pod install' or update your CocoaPods installation.\" >&2\n    exit 1\nfi\n";
			showEnvVarsInLog = 0;
		};
		94AC7CA28997A775A4B853DB /* [CP] Embed Pods Frameworks */ = {
			isa = PBXShellScriptBuildPhase;
			buildActionMask = 2147483647;
			files = (
			);
			inputPaths = (
			);
			name = "[CP] Embed Pods Frameworks";
			outputPaths = (
			);
			runOnlyForDeploymentPostprocessing = 0;
			shellPath = /bin/sh;
			shellScript = "\"${SRCROOT}/Pods/Target Support Files/Pods-WestviewUITests/Pods-WestviewUITests-frameworks.sh\"\n";
			showEnvVarsInLog = 0;
		};
		A5152145A1E5924D624673B6 /* [CP] Embed Pods Frameworks */ = {
			isa = PBXShellScriptBuildPhase;
			buildActionMask = 2147483647;
			files = (
			);
			inputPaths = (
			);
			name = "[CP] Embed Pods Frameworks";
			outputPaths = (
			);
			runOnlyForDeploymentPostprocessing = 0;
			shellPath = /bin/sh;
			shellScript = "\"${SRCROOT}/Pods/Target Support Files/Pods-WestviewTests/Pods-WestviewTests-frameworks.sh\"\n";
			showEnvVarsInLog = 0;
		};
		ACB2FA70DF87BE01B35A35A5 /* [CP] Copy Pods Resources */ = {
			isa = PBXShellScriptBuildPhase;
			buildActionMask = 2147483647;
			files = (
			);
			inputPaths = (
			);
			name = "[CP] Copy Pods Resources";
			outputPaths = (
			);
			runOnlyForDeploymentPostprocessing = 0;
			shellPath = /bin/sh;
			shellScript = "\"${SRCROOT}/Pods/Target Support Files/Pods-WestviewTests/Pods-WestviewTests-resources.sh\"\n";
			showEnvVarsInLog = 0;
		};
		B3E10A0FC9176D7164084C48 /* [CP] Check Pods Manifest.lock */ = {
			isa = PBXShellScriptBuildPhase;
			buildActionMask = 2147483647;
			files = (
			);
			inputPaths = (
			);
			name = "[CP] Check Pods Manifest.lock";
			outputPaths = (
			);
			runOnlyForDeploymentPostprocessing = 0;
			shellPath = /bin/sh;
			shellScript = "diff \"${PODS_PODFILE_DIR_PATH}/Podfile.lock\" \"${PODS_ROOT}/Manifest.lock\" > /dev/null\nif [ $? != 0 ] ; then\n    # print error to STDERR\n    echo \"error: The sandbox is not in sync with the Podfile.lock. Run 'pod install' or update your CocoaPods installation.\" >&2\n    exit 1\nfi\n";
			showEnvVarsInLog = 0;
		};
		B6414053CDB19A56432AC4D1 /* [CP] Embed Pods Frameworks */ = {
			isa = PBXShellScriptBuildPhase;
			buildActionMask = 2147483647;
			files = (
			);
			inputPaths = (
			);
			name = "[CP] Embed Pods Frameworks";
			outputPaths = (
			);
			runOnlyForDeploymentPostprocessing = 0;
			shellPath = /bin/sh;
			shellScript = "\"${SRCROOT}/Pods/Target Support Files/Pods-Westview/Pods-Westview-frameworks.sh\"\n";
			showEnvVarsInLog = 0;
		};
/* End PBXShellScriptBuildPhase section */

/* Begin PBXSourcesBuildPhase section */
		A6EDA24D1F32C07700A7ADA3 /* Sources */ = {
			isa = PBXSourcesBuildPhase;
			buildActionMask = 2147483647;
			files = (
				A62C4B731F4416D800B6D318 /* CalendarViewController.swift in Sources */,
				A62C4B7B1F441E1100B6D318 /* HandbookViewController.swift in Sources */,
				A6A6A9B51F44EA9C00D7668A /* MasterViewController.swift in Sources */,
				A62C4B751F441D5600B6D318 /* Extensions.swift in Sources */,
				A6C15B491F42BD3500890CE7 /* AnnouncementTableViewCell.swift in Sources */,
				A62C4B791F441E0000B6D318 /* ScheduleViewController.swift in Sources */,
				A6EDA2571F32C07700A7ADA3 /* AnnouncementViewController.swift in Sources */,
				A6836ADA1F44267E003739CC /* ScheduleTableViewCell.swift in Sources */,
				A6C15B441F42B92D00890CE7 /* CardView.swift in Sources */,
				A6EDA2551F32C07700A7ADA3 /* AppDelegate.swift in Sources */,
				A62C4B771F441DEA00B6D318 /* MapViewController.swift in Sources */,
			);
			runOnlyForDeploymentPostprocessing = 0;
		};
		A6EDA2611F32C07700A7ADA3 /* Sources */ = {
			isa = PBXSourcesBuildPhase;
			buildActionMask = 2147483647;
			files = (
				A6EDA26A1F32C07700A7ADA3 /* WestviewTests.swift in Sources */,
			);
			runOnlyForDeploymentPostprocessing = 0;
		};
		A6EDA26C1F32C07700A7ADA3 /* Sources */ = {
			isa = PBXSourcesBuildPhase;
			buildActionMask = 2147483647;
			files = (
				A6EDA2751F32C07700A7ADA3 /* WestviewUITests.swift in Sources */,
			);
			runOnlyForDeploymentPostprocessing = 0;
		};
/* End PBXSourcesBuildPhase section */

/* Begin PBXTargetDependency section */
		A6EDA2671F32C07700A7ADA3 /* PBXTargetDependency */ = {
			isa = PBXTargetDependency;
			target = A6EDA2501F32C07700A7ADA3 /* Westview */;
			targetProxy = A6EDA2661F32C07700A7ADA3 /* PBXContainerItemProxy */;
		};
		A6EDA2721F32C07700A7ADA3 /* PBXTargetDependency */ = {
			isa = PBXTargetDependency;
			target = A6EDA2501F32C07700A7ADA3 /* Westview */;
			targetProxy = A6EDA2711F32C07700A7ADA3 /* PBXContainerItemProxy */;
		};
/* End PBXTargetDependency section */

/* Begin PBXVariantGroup section */
		A6EDA2581F32C07700A7ADA3 /* Main.storyboard */ = {
			isa = PBXVariantGroup;
			children = (
				A6EDA2591F32C07700A7ADA3 /* Base */,
			);
			name = Main.storyboard;
			sourceTree = "<group>";
		};
		A6EDA25D1F32C07700A7ADA3 /* LaunchScreen.storyboard */ = {
			isa = PBXVariantGroup;
			children = (
				A6EDA25E1F32C07700A7ADA3 /* Base */,
			);
			name = LaunchScreen.storyboard;
			sourceTree = "<group>";
		};
/* End PBXVariantGroup section */

/* Begin XCBuildConfiguration section */
		A6EDA2771F32C07700A7ADA3 /* Debug */ = {
			isa = XCBuildConfiguration;
			buildSettings = {
				ALWAYS_SEARCH_USER_PATHS = NO;
				CLANG_ANALYZER_NONNULL = YES;
				CLANG_ANALYZER_NUMBER_OBJECT_CONVERSION = YES_AGGRESSIVE;
				CLANG_CXX_LANGUAGE_STANDARD = "gnu++0x";
				CLANG_CXX_LIBRARY = "libc++";
				CLANG_ENABLE_MODULES = YES;
				CLANG_ENABLE_OBJC_ARC = YES;
				CLANG_WARN_BOOL_CONVERSION = YES;
				CLANG_WARN_CONSTANT_CONVERSION = YES;
				CLANG_WARN_DIRECT_OBJC_ISA_USAGE = YES_ERROR;
				CLANG_WARN_DOCUMENTATION_COMMENTS = YES;
				CLANG_WARN_EMPTY_BODY = YES;
				CLANG_WARN_ENUM_CONVERSION = YES;
				CLANG_WARN_INFINITE_RECURSION = YES;
				CLANG_WARN_INT_CONVERSION = YES;
				CLANG_WARN_OBJC_ROOT_CLASS = YES_ERROR;
				CLANG_WARN_SUSPICIOUS_MOVE = YES;
				CLANG_WARN_UNREACHABLE_CODE = YES;
				CLANG_WARN__DUPLICATE_METHOD_MATCH = YES;
				"CODE_SIGN_IDENTITY[sdk=iphoneos*]" = "iPhone Developer";
				COPY_PHASE_STRIP = NO;
				DEBUG_INFORMATION_FORMAT = dwarf;
				ENABLE_STRICT_OBJC_MSGSEND = YES;
				ENABLE_TESTABILITY = YES;
				GCC_C_LANGUAGE_STANDARD = gnu99;
				GCC_DYNAMIC_NO_PIC = NO;
				GCC_NO_COMMON_BLOCKS = YES;
				GCC_OPTIMIZATION_LEVEL = 0;
				GCC_PREPROCESSOR_DEFINITIONS = (
					"DEBUG=1",
					"$(inherited)",
				);
				GCC_WARN_64_TO_32_BIT_CONVERSION = YES;
				GCC_WARN_ABOUT_RETURN_TYPE = YES_ERROR;
				GCC_WARN_UNDECLARED_SELECTOR = YES;
				GCC_WARN_UNINITIALIZED_AUTOS = YES_AGGRESSIVE;
				GCC_WARN_UNUSED_FUNCTION = YES;
				GCC_WARN_UNUSED_VARIABLE = YES;
				IPHONEOS_DEPLOYMENT_TARGET = 9.0;
				MTL_ENABLE_DEBUG_INFO = YES;
				ONLY_ACTIVE_ARCH = YES;
				SDKROOT = iphoneos;
				SWIFT_ACTIVE_COMPILATION_CONDITIONS = DEBUG;
				SWIFT_OPTIMIZATION_LEVEL = "-Onone";
				TARGETED_DEVICE_FAMILY = "1,2";
			};
			name = Debug;
		};
		A6EDA2781F32C07700A7ADA3 /* Release */ = {
			isa = XCBuildConfiguration;
			buildSettings = {
				ALWAYS_SEARCH_USER_PATHS = NO;
				CLANG_ANALYZER_NONNULL = YES;
				CLANG_ANALYZER_NUMBER_OBJECT_CONVERSION = YES_AGGRESSIVE;
				CLANG_CXX_LANGUAGE_STANDARD = "gnu++0x";
				CLANG_CXX_LIBRARY = "libc++";
				CLANG_ENABLE_MODULES = YES;
				CLANG_ENABLE_OBJC_ARC = YES;
				CLANG_WARN_BOOL_CONVERSION = YES;
				CLANG_WARN_CONSTANT_CONVERSION = YES;
				CLANG_WARN_DIRECT_OBJC_ISA_USAGE = YES_ERROR;
				CLANG_WARN_DOCUMENTATION_COMMENTS = YES;
				CLANG_WARN_EMPTY_BODY = YES;
				CLANG_WARN_ENUM_CONVERSION = YES;
				CLANG_WARN_INFINITE_RECURSION = YES;
				CLANG_WARN_INT_CONVERSION = YES;
				CLANG_WARN_OBJC_ROOT_CLASS = YES_ERROR;
				CLANG_WARN_SUSPICIOUS_MOVE = YES;
				CLANG_WARN_UNREACHABLE_CODE = YES;
				CLANG_WARN__DUPLICATE_METHOD_MATCH = YES;
				"CODE_SIGN_IDENTITY[sdk=iphoneos*]" = "iPhone Developer";
				COPY_PHASE_STRIP = NO;
				DEBUG_INFORMATION_FORMAT = "dwarf-with-dsym";
				ENABLE_NS_ASSERTIONS = NO;
				ENABLE_STRICT_OBJC_MSGSEND = YES;
				GCC_C_LANGUAGE_STANDARD = gnu99;
				GCC_NO_COMMON_BLOCKS = YES;
				GCC_WARN_64_TO_32_BIT_CONVERSION = YES;
				GCC_WARN_ABOUT_RETURN_TYPE = YES_ERROR;
				GCC_WARN_UNDECLARED_SELECTOR = YES;
				GCC_WARN_UNINITIALIZED_AUTOS = YES_AGGRESSIVE;
				GCC_WARN_UNUSED_FUNCTION = YES;
				GCC_WARN_UNUSED_VARIABLE = YES;
				IPHONEOS_DEPLOYMENT_TARGET = 9.0;
				MTL_ENABLE_DEBUG_INFO = NO;
				SDKROOT = iphoneos;
				SWIFT_OPTIMIZATION_LEVEL = "-Owholemodule";
				TARGETED_DEVICE_FAMILY = "1,2";
				VALIDATE_PRODUCT = YES;
			};
			name = Release;
		};
		A6EDA27A1F32C07700A7ADA3 /* Debug */ = {
			isa = XCBuildConfiguration;
			baseConfigurationReference = C55AAF4AEEDDA4C0BAC15DE7 /* Pods-Westview.debug.xcconfig */;
			buildSettings = {
				ASSETCATALOG_COMPILER_APPICON_NAME = AppIcon;
				DEVELOPMENT_TEAM = A8F2RPBSBD;
				INFOPLIST_FILE = Westview/Info.plist;
				LD_RUNPATH_SEARCH_PATHS = "$(inherited) @executable_path/Frameworks";
				PRODUCT_BUNDLE_IDENTIFIER = net.RonakShah.Westview;
				PRODUCT_NAME = "$(TARGET_NAME)";
				SWIFT_VERSION = 3.0;
			};
			name = Debug;
		};
		A6EDA27B1F32C07700A7ADA3 /* Release */ = {
			isa = XCBuildConfiguration;
			baseConfigurationReference = 2EBA1C9765DC2EC63170FC31 /* Pods-Westview.release.xcconfig */;
			buildSettings = {
				ASSETCATALOG_COMPILER_APPICON_NAME = AppIcon;
				DEVELOPMENT_TEAM = A8F2RPBSBD;
				INFOPLIST_FILE = Westview/Info.plist;
				LD_RUNPATH_SEARCH_PATHS = "$(inherited) @executable_path/Frameworks";
				PRODUCT_BUNDLE_IDENTIFIER = net.RonakShah.Westview;
				PRODUCT_NAME = "$(TARGET_NAME)";
				SWIFT_VERSION = 3.0;
			};
			name = Release;
		};
		A6EDA27D1F32C07700A7ADA3 /* Debug */ = {
			isa = XCBuildConfiguration;
			baseConfigurationReference = 921525A1CA68780BD1F097B7 /* Pods-WestviewTests.debug.xcconfig */;
			buildSettings = {
				ALWAYS_EMBED_SWIFT_STANDARD_LIBRARIES = YES;
				BUNDLE_LOADER = "$(TEST_HOST)";
				DEVELOPMENT_TEAM = A8F2RPBSBD;
				INFOPLIST_FILE = WestviewTests/Info.plist;
				LD_RUNPATH_SEARCH_PATHS = "$(inherited) @executable_path/Frameworks @loader_path/Frameworks";
				PRODUCT_BUNDLE_IDENTIFIER = net.RonakShah.WestviewTests;
				PRODUCT_NAME = "$(TARGET_NAME)";
				SWIFT_VERSION = 3.0;
				TEST_HOST = "$(BUILT_PRODUCTS_DIR)/Westview.app/Westview";
			};
			name = Debug;
		};
		A6EDA27E1F32C07700A7ADA3 /* Release */ = {
			isa = XCBuildConfiguration;
			baseConfigurationReference = 925F504FF485DCD253AE0AC8 /* Pods-WestviewTests.release.xcconfig */;
			buildSettings = {
				ALWAYS_EMBED_SWIFT_STANDARD_LIBRARIES = YES;
				BUNDLE_LOADER = "$(TEST_HOST)";
				DEVELOPMENT_TEAM = A8F2RPBSBD;
				INFOPLIST_FILE = WestviewTests/Info.plist;
				LD_RUNPATH_SEARCH_PATHS = "$(inherited) @executable_path/Frameworks @loader_path/Frameworks";
				PRODUCT_BUNDLE_IDENTIFIER = net.RonakShah.WestviewTests;
				PRODUCT_NAME = "$(TARGET_NAME)";
				SWIFT_VERSION = 3.0;
				TEST_HOST = "$(BUILT_PRODUCTS_DIR)/Westview.app/Westview";
			};
			name = Release;
		};
		A6EDA2801F32C07700A7ADA3 /* Debug */ = {
			isa = XCBuildConfiguration;
			baseConfigurationReference = 28B2B7BC8485D5F2145FFE85 /* Pods-WestviewUITests.debug.xcconfig */;
			buildSettings = {
				ALWAYS_EMBED_SWIFT_STANDARD_LIBRARIES = YES;
				DEVELOPMENT_TEAM = A8F2RPBSBD;
				INFOPLIST_FILE = WestviewUITests/Info.plist;
				LD_RUNPATH_SEARCH_PATHS = "$(inherited) @executable_path/Frameworks @loader_path/Frameworks";
				PRODUCT_BUNDLE_IDENTIFIER = net.RonakShah.WestviewUITests;
				PRODUCT_NAME = "$(TARGET_NAME)";
				SWIFT_VERSION = 3.0;
				TEST_TARGET_NAME = Westview;
			};
			name = Debug;
		};
		A6EDA2811F32C07700A7ADA3 /* Release */ = {
			isa = XCBuildConfiguration;
			baseConfigurationReference = B605CBAA32645636169F3E39 /* Pods-WestviewUITests.release.xcconfig */;
			buildSettings = {
				ALWAYS_EMBED_SWIFT_STANDARD_LIBRARIES = YES;
				DEVELOPMENT_TEAM = A8F2RPBSBD;
				INFOPLIST_FILE = WestviewUITests/Info.plist;
				LD_RUNPATH_SEARCH_PATHS = "$(inherited) @executable_path/Frameworks @loader_path/Frameworks";
				PRODUCT_BUNDLE_IDENTIFIER = net.RonakShah.WestviewUITests;
				PRODUCT_NAME = "$(TARGET_NAME)";
				SWIFT_VERSION = 3.0;
				TEST_TARGET_NAME = Westview;
			};
			name = Release;
		};
/* End XCBuildConfiguration section */

/* Begin XCConfigurationList section */
		A6EDA24C1F32C07700A7ADA3 /* Build configuration list for PBXProject "Westview" */ = {
			isa = XCConfigurationList;
			buildConfigurations = (
				A6EDA2771F32C07700A7ADA3 /* Debug */,
				A6EDA2781F32C07700A7ADA3 /* Release */,
			);
			defaultConfigurationIsVisible = 0;
			defaultConfigurationName = Release;
		};
		A6EDA2791F32C07700A7ADA3 /* Build configuration list for PBXNativeTarget "Westview" */ = {
			isa = XCConfigurationList;
			buildConfigurations = (
				A6EDA27A1F32C07700A7ADA3 /* Debug */,
				A6EDA27B1F32C07700A7ADA3 /* Release */,
			);
			defaultConfigurationIsVisible = 0;
			defaultConfigurationName = Release;
		};
		A6EDA27C1F32C07700A7ADA3 /* Build configuration list for PBXNativeTarget "WestviewTests" */ = {
			isa = XCConfigurationList;
			buildConfigurations = (
				A6EDA27D1F32C07700A7ADA3 /* Debug */,
				A6EDA27E1F32C07700A7ADA3 /* Release */,
			);
			defaultConfigurationIsVisible = 0;
			defaultConfigurationName = Release;
		};
		A6EDA27F1F32C07700A7ADA3 /* Build configuration list for PBXNativeTarget "WestviewUITests" */ = {
			isa = XCConfigurationList;
			buildConfigurations = (
				A6EDA2801F32C07700A7ADA3 /* Debug */,
				A6EDA2811F32C07700A7ADA3 /* Release */,
			);
			defaultConfigurationIsVisible = 0;
			defaultConfigurationName = Release;
		};
/* End XCConfigurationList section */
	};
	rootObject = A6EDA2491F32C07700A7ADA3 /* Project object */;
}
